
Microsoft Visual Studio Solution File, Format Version 12.00
# Visual Studio Version 17
VisualStudioVersion = 17.5.33424.131
MinimumVisualStudioVersion = 10.0.40219.1
Project("{FAE04EC0-301F-11D3-BF4B-00C04F79EFBC}") = "Mobile Trench", "Mobile Trench\Mobile Trench.csproj", "{1F23D39C-5949-45C2-96D1-C4DE1ACD19E8}"
EndProject
Global
	GlobalSection(SolutionConfigurationPlatforms) = preSolution
		Debug|Any CPU = Debug|Any CPU
		Release|Any CPU = Release|Any CPU
	EndGlobalSection
	GlobalSection(ProjectConfigurationPlatforms) = postSolution
		{1F23D39C-5949-45C2-96D1-C4DE1ACD19E8}.Debug|Any CPU.ActiveCfg = Debug|Any CPU
		{1F23D39C-5949-45C2-96D1-C4DE1ACD19E8}.Debug|Any CPU.Build.0 = Debug|Any CPU
		{1F23D39C-5949-45C2-96D1-C4DE1ACD19E8}.Release|Any CPU.ActiveCfg = Release|Any CPU
		{1F23D39C-5949-45C2-96D1-C4DE1ACD19E8}.Release|Any CPU.Build.0 = Release|Any CPU
	EndGlobalSection
	GlobalSection(SolutionProperties) = preSolution
		HideSolutionNode = FALSE
	EndGlobalSection
	GlobalSection(ExtensibilityGlobals) = postSolution
		SolutionGuid = {32E0EB94-3C03-453C-BCC1-80CFA9F99613}
	EndGlobalSection
EndGlobal
