
Microsoft Visual Studio Solution File, Format Version 12.00
# Visual Studio Version 17
VisualStudioVersion = 17.5.33424.131
MinimumVisualStudioVersion = 10.0.40219.1
Project("{FAE04EC0-301F-11D3-BF4B-00C04F79EFBC}") = "Final_Labtask_4.1", "Final_Labtask_4.1\Final_Labtask_4.1.csproj", "{6DE0044E-046D-4019-BF15-27B8D2B3DD73}"
EndProject
Global
	GlobalSection(SolutionConfigurationPlatforms) = preSolution
		Debug|Any CPU = Debug|Any CPU
		Release|Any CPU = Release|Any CPU
	EndGlobalSection
	GlobalSection(ProjectConfigurationPlatforms) = postSolution
		{6DE0044E-046D-4019-BF15-27B8D2B3DD73}.Debug|Any CPU.ActiveCfg = Debug|Any CPU
		{6DE0044E-046D-4019-BF15-27B8D2B3DD73}.Debug|Any CPU.Build.0 = Debug|Any CPU
		{6DE0044E-046D-4019-BF15-27B8D2B3DD73}.Release|Any CPU.ActiveCfg = Release|Any CPU
		{6DE0044E-046D-4019-BF15-27B8D2B3DD73}.Release|Any CPU.Build.0 = Release|Any CPU
	EndGlobalSection
	GlobalSection(SolutionProperties) = preSolution
		HideSolutionNode = FALSE
	EndGlobalSection
	GlobalSection(ExtensibilityGlobals) = postSolution
		SolutionGuid = {001FBAE0-EE07-4504-945B-056DBF59B0D4}
	EndGlobalSection
EndGlobal
