
Microsoft Visual Studio Solution File, Format Version 12.00
# Visual Studio Version 17
VisualStudioVersion = 17.4.33213.308
MinimumVisualStudioVersion = 10.0.40219.1
Project("{FAE04EC0-301F-11D3-BF4B-00C04F79EFBC}") = "Lab_4.2", "Lab_4.2\Lab_4.2.csproj", "{7D5C648F-A2B1-40A1-B22C-E62B20C0274F}"
EndProject
Global
	GlobalSection(SolutionConfigurationPlatforms) = preSolution
		Debug|Any CPU = Debug|Any CPU
		Release|Any CPU = Release|Any CPU
	EndGlobalSection
	GlobalSection(ProjectConfigurationPlatforms) = postSolution
		{7D5C648F-A2B1-40A1-B22C-E62B20C0274F}.Debug|Any CPU.ActiveCfg = Debug|Any CPU
		{7D5C648F-A2B1-40A1-B22C-E62B20C0274F}.Debug|Any CPU.Build.0 = Debug|Any CPU
		{7D5C648F-A2B1-40A1-B22C-E62B20C0274F}.Release|Any CPU.ActiveCfg = Release|Any CPU
		{7D5C648F-A2B1-40A1-B22C-E62B20C0274F}.Release|Any CPU.Build.0 = Release|Any CPU
	EndGlobalSection
	GlobalSection(SolutionProperties) = preSolution
		HideSolutionNode = FALSE
	EndGlobalSection
	GlobalSection(ExtensibilityGlobals) = postSolution
		SolutionGuid = {267911D0-4842-4298-9567-F0950BB1BCC2}
	EndGlobalSection
EndGlobal
