
Microsoft Visual Studio Solution File, Format Version 12.00
# Visual Studio Version 17
VisualStudioVersion = 17.5.33424.131
MinimumVisualStudioVersion = 10.0.40219.1
Project("{FAE04EC0-301F-11D3-BF4B-00C04F79EFBC}") = "Lab_Exam", "Lab_Exam\Lab_Exam.csproj", "{DD78F427-74DF-4984-A5C5-1F588B4AEAD4}"
EndProject
Global
	GlobalSection(SolutionConfigurationPlatforms) = preSolution
		Debug|Any CPU = Debug|Any CPU
		Release|Any CPU = Release|Any CPU
	EndGlobalSection
	GlobalSection(ProjectConfigurationPlatforms) = postSolution
		{DD78F427-74DF-4984-A5C5-1F588B4AEAD4}.Debug|Any CPU.ActiveCfg = Debug|Any CPU
		{DD78F427-74DF-4984-A5C5-1F588B4AEAD4}.Debug|Any CPU.Build.0 = Debug|Any CPU
		{DD78F427-74DF-4984-A5C5-1F588B4AEAD4}.Release|Any CPU.ActiveCfg = Release|Any CPU
		{DD78F427-74DF-4984-A5C5-1F588B4AEAD4}.Release|Any CPU.Build.0 = Release|Any CPU
	EndGlobalSection
	GlobalSection(SolutionProperties) = preSolution
		HideSolutionNode = FALSE
	EndGlobalSection
	GlobalSection(ExtensibilityGlobals) = postSolution
		SolutionGuid = {6117EA68-6178-4D1F-A51F-7A4D57C42AA4}
	EndGlobalSection
EndGlobal
